
Microsoft Visual Studio Solution File, Format Version 12.00
# Visual Studio Version 16
VisualStudioVersion = 16.0.31112.23
MinimumVisualStudioVersion = 10.0.40219.1
Project("{FAE04EC0-301F-11D3-BF4B-00C04F79EFBC}") = "ConsultaPreco", "ConsultaPreco\ConsultaPreco.csproj", "{8EE60774-E6C9-4A0D-91EB-308A688F818B}"
EndProject
Global
	GlobalSection(SolutionConfigurationPlatforms) = preSolution
		Debug|Any CPU = Debug|Any CPU
		Release|Any CPU = Release|Any CPU
	EndGlobalSection
	GlobalSection(ProjectConfigurationPlatforms) = postSolution
		{8EE60774-E6C9-4A0D-91EB-308A688F818B}.Debug|Any CPU.ActiveCfg = Debug|Any CPU
		{8EE60774-E6C9-4A0D-91EB-308A688F818B}.Debug|Any CPU.Build.0 = Debug|Any CPU
		{8EE60774-E6C9-4A0D-91EB-308A688F818B}.Release|Any CPU.ActiveCfg = Release|Any CPU
		{8EE60774-E6C9-4A0D-91EB-308A688F818B}.Release|Any CPU.Build.0 = Release|Any CPU
	EndGlobalSection
	GlobalSection(SolutionProperties) = preSolution
		HideSolutionNode = FALSE
	EndGlobalSection
	GlobalSection(ExtensibilityGlobals) = postSolution
		SolutionGuid = {6FE91700-8441-42D4-ACA0-879BFF6AE7CA}
	EndGlobalSection
EndGlobal
